// !$*UTF8*$!
{
	archiveVersion = 1;
	classes = {
	};
	objectVersion = 55;
	objects = {

/* Begin PBXBuildFile section */
		673C553DBCB152CB90E941B5 /* Pods_Mars_Rover.framework in Frameworks */ = {isa = PBXBuildFile; fileRef = 07D90B41442A1036C1D6B9ED /* Pods_Mars_Rover.framework */; };
		A9109D482744235C00E31ED3 /* GameScreens.storyboard in Resources */ = {isa = PBXBuildFile; fileRef = A9109D472744235C00E31ED3 /* GameScreens.storyboard */; };
		A9109D4A274423C100E31ED3 /* GameAssets.scnassets in Resources */ = {isa = PBXBuildFile; fileRef = A9109D49274423C100E31ED3 /* GameAssets.scnassets */; };
		A9109D4C27452DF500E31ED3 /* MapEditorSceneViewController.swift in Sources */ = {isa = PBXBuildFile; fileRef = A9109D4B27452DF500E31ED3 /* MapEditorSceneViewController.swift */; };
		A9109D512746703E00E31ED3 /* MapEditorCoordinator.swift in Sources */ = {isa = PBXBuildFile; fileRef = A9109D502746703E00E31ED3 /* MapEditorCoordinator.swift */; };
		A9219396272DD6330006CE85 /* AppDelegate.swift in Sources */ = {isa = PBXBuildFile; fileRef = A9219395272DD6330006CE85 /* AppDelegate.swift */; };
		A921939A272DD6330006CE85 /* MainMenuViewController.swift in Sources */ = {isa = PBXBuildFile; fileRef = A9219399272DD6330006CE85 /* MainMenuViewController.swift */; };
		A921939D272DD6330006CE85 /* MainMenu.storyboard in Resources */ = {isa = PBXBuildFile; fileRef = A921939B272DD6330006CE85 /* MainMenu.storyboard */; };
		A921939F272DD6370006CE85 /* Assets.xcassets in Resources */ = {isa = PBXBuildFile; fileRef = A921939E272DD6370006CE85 /* Assets.xcassets */; };
		A92193A2272DD6370006CE85 /* LaunchScreen.storyboard in Resources */ = {isa = PBXBuildFile; fileRef = A92193A0272DD6370006CE85 /* LaunchScreen.storyboard */; };
		A92193A9272DD9180006CE85 /* GoogleService-Info.plist in Resources */ = {isa = PBXBuildFile; fileRef = A92193A8272DD9180006CE85 /* GoogleService-Info.plist */; };
		A93A9F8B2732E3DC00376332 /* FirebaseSignInService.swift in Sources */ = {isa = PBXBuildFile; fileRef = A93A9F8A2732E3DC00376332 /* FirebaseSignInService.swift */; };
		A93A9F8D2732EC0300376332 /* FirebaseProfileFetchService.swift in Sources */ = {isa = PBXBuildFile; fileRef = A93A9F8C2732EC0300376332 /* FirebaseProfileFetchService.swift */; };
		A93A9F902732EFB800376332 /* ProfileModel.swift in Sources */ = {isa = PBXBuildFile; fileRef = A93A9F8F2732EFB800376332 /* ProfileModel.swift */; };
		A93A9F922732F3C100376332 /* FirebaseSignUpService.swift in Sources */ = {isa = PBXBuildFile; fileRef = A93A9F912732F3C100376332 /* FirebaseSignUpService.swift */; };
		A93A9F942732FBD200376332 /* FirebaseAuthService.swift in Sources */ = {isa = PBXBuildFile; fileRef = A93A9F932732FBD200376332 /* FirebaseAuthService.swift */; };
		A93A9F972733063A00376332 /* UIViewController+Extensions.swift in Sources */ = {isa = PBXBuildFile; fileRef = A93A9F962733063A00376332 /* UIViewController+Extensions.swift */; };
		A9666F392736B86D0022AFFD /* Box.swift in Sources */ = {isa = PBXBuildFile; fileRef = A9666F382736B86D0022AFFD /* Box.swift */; };
		A9666F3C273940FA0022AFFD /* Storyboarded.swift in Sources */ = {isa = PBXBuildFile; fileRef = A9666F3B273940FA0022AFFD /* Storyboarded.swift */; };
		A9666F3F27395A2C0022AFFD /* Coordinator.swift in Sources */ = {isa = PBXBuildFile; fileRef = A9666F3E27395A2C0022AFFD /* Coordinator.swift */; };
		A9666F4127395AB60022AFFD /* MainCoordinator.swift in Sources */ = {isa = PBXBuildFile; fileRef = A9666F4027395AB60022AFFD /* MainCoordinator.swift */; };
		A9ACAB132747CBD5004C4DC3 /* MapManager.swift in Sources */ = {isa = PBXBuildFile; fileRef = A9ACAB122747CBD5004C4DC3 /* MapManager.swift */; };
		A9ACAB152747EFA3004C4DC3 /* MapEditorSceneViewModel.swift in Sources */ = {isa = PBXBuildFile; fileRef = A9ACAB142747EFA3004C4DC3 /* MapEditorSceneViewModel.swift */; };
		A9ACAB1A274A7326004C4DC3 /* GameScreenViewController.swift in Sources */ = {isa = PBXBuildFile; fileRef = A9ACAB19274A7326004C4DC3 /* GameScreenViewController.swift */; };
		A9ACAB1C274A75B3004C4DC3 /* GameScreenViewModel.swift in Sources */ = {isa = PBXBuildFile; fileRef = A9ACAB1B274A75B3004C4DC3 /* GameScreenViewModel.swift */; };
		A9ACAB1E274A788B004C4DC3 /* PlayCoordinator.swift in Sources */ = {isa = PBXBuildFile; fileRef = A9ACAB1D274A788B004C4DC3 /* PlayCoordinator.swift */; };
		A9ACAB21274ACBB7004C4DC3 /* FindShortestPath.swift in Sources */ = {isa = PBXBuildFile; fileRef = A9ACAB20274ACBB7004C4DC3 /* FindShortestPath.swift */; };
		A9ACAB23274ADCD0004C4DC3 /* Node.swift in Sources */ = {isa = PBXBuildFile; fileRef = A9ACAB22274ADCD0004C4DC3 /* Node.swift */; };
		A9ACAB25274ADCEE004C4DC3 /* Connection.swift in Sources */ = {isa = PBXBuildFile; fileRef = A9ACAB24274ADCEE004C4DC3 /* Connection.swift */; };
		A9ACAB27274ADD19004C4DC3 /* Path.swift in Sources */ = {isa = PBXBuildFile; fileRef = A9ACAB26274ADD19004C4DC3 /* Path.swift */; };
		A9ACAB29274AE10C004C4DC3 /* MatrixPoint.swift in Sources */ = {isa = PBXBuildFile; fileRef = A9ACAB28274AE10C004C4DC3 /* MatrixPoint.swift */; };
		A9ACAB2B274AE1FC004C4DC3 /* MatrixNode.swift in Sources */ = {isa = PBXBuildFile; fileRef = A9ACAB2A274AE1FC004C4DC3 /* MatrixNode.swift */; };
		A9B5A7B6274198460075C954 /* FirebaseMapsActionService.swift in Sources */ = {isa = PBXBuildFile; fileRef = A9B5A7B5274198460075C954 /* FirebaseMapsActionService.swift */; };
		A9EE8EEF273964BB00F18D62 /* SignUpFormViewController.swift in Sources */ = {isa = PBXBuildFile; fileRef = A9EE8EEE273964BB00F18D62 /* SignUpFormViewController.swift */; };
		A9EE8EF12739655F00F18D62 /* SignUpFormViewModel.swift in Sources */ = {isa = PBXBuildFile; fileRef = A9EE8EF02739655F00F18D62 /* SignUpFormViewModel.swift */; };
		A9EE8EF627397AC400F18D62 /* FirebaseProfileWriteService.swift in Sources */ = {isa = PBXBuildFile; fileRef = A9EE8EF527397AC300F18D62 /* FirebaseProfileWriteService.swift */; };
		A9EE8EF827397AF000F18D62 /* FirebaseProfileService.swift in Sources */ = {isa = PBXBuildFile; fileRef = A9EE8EF727397AF000F18D62 /* FirebaseProfileService.swift */; };
		A9EE8EFC273985CD00F18D62 /* MainMenuCoordinator.swift in Sources */ = {isa = PBXBuildFile; fileRef = A9EE8EFB273985CD00F18D62 /* MainMenuCoordinator.swift */; };
		A9EE8EFE27398D2A00F18D62 /* MainMenuViewModel.swift in Sources */ = {isa = PBXBuildFile; fileRef = A9EE8EFD27398D2A00F18D62 /* MainMenuViewModel.swift */; };
		A9EE8F00273BF9E800F18D62 /* MapEditorViewController.swift in Sources */ = {isa = PBXBuildFile; fileRef = A9EE8EFF273BF9E800F18D62 /* MapEditorViewController.swift */; };
		A9EE8F03273BFD3100F18D62 /* MapTableViewCell.swift in Sources */ = {isa = PBXBuildFile; fileRef = A9EE8F01273BFD3100F18D62 /* MapTableViewCell.swift */; };
		A9EE8F04273BFD3100F18D62 /* MapTableViewCell.xib in Resources */ = {isa = PBXBuildFile; fileRef = A9EE8F02273BFD3100F18D62 /* MapTableViewCell.xib */; };
		A9EE8F06273C032000F18D62 /* RealmMapModelData.swift in Sources */ = {isa = PBXBuildFile; fileRef = A9EE8F05273C032000F18D62 /* RealmMapModelData.swift */; };
		A9EE8F08273C066600F18D62 /* MapEditorViewModel.swift in Sources */ = {isa = PBXBuildFile; fileRef = A9EE8F07273C066600F18D62 /* MapEditorViewModel.swift */; };
		A9EE8F0B273C0DE300F18D62 /* RealmMapsActionService.swift in Sources */ = {isa = PBXBuildFile; fileRef = A9EE8F0A273C0DE300F18D62 /* RealmMapsActionService.swift */; };
		A9EE8F0D273C312A00F18D62 /* RealmMapsService.swift in Sources */ = {isa = PBXBuildFile; fileRef = A9EE8F0C273C312A00F18D62 /* RealmMapsService.swift */; };
		A9EE8F0F273D3F8D00F18D62 /* RealmMapModel.swift in Sources */ = {isa = PBXBuildFile; fileRef = A9EE8F0E273D3F8C00F18D62 /* RealmMapModel.swift */; };
		A9F4540D2731655100017E26 /* Auth.storyboard in Resources */ = {isa = PBXBuildFile; fileRef = A9F4540C2731655100017E26 /* Auth.storyboard */; };
		A9F4540F273165D400017E26 /* SignInFormViewController.swift in Sources */ = {isa = PBXBuildFile; fileRef = A9F4540E273165D400017E26 /* SignInFormViewController.swift */; };
		A9F4541227316E5100017E26 /* AuthorizationTextField.swift in Sources */ = {isa = PBXBuildFile; fileRef = A9F4541127316E5100017E26 /* AuthorizationTextField.swift */; };
		A9F45415273191B500017E26 /* SignInFormViewModel.swift in Sources */ = {isa = PBXBuildFile; fileRef = A9F45414273191B500017E26 /* SignInFormViewModel.swift */; };
		A9FA5902273EB571002109A0 /* MapsSyncService.swift in Sources */ = {isa = PBXBuildFile; fileRef = A9FA5901273EB571002109A0 /* MapsSyncService.swift */; };
		A9FA5904273EB759002109A0 /* FirebaseMapModelData.swift in Sources */ = {isa = PBXBuildFile; fileRef = A9FA5903273EB759002109A0 /* FirebaseMapModelData.swift */; };
		A9FA5907273EF416002109A0 /* FirebaseMapsService.swift in Sources */ = {isa = PBXBuildFile; fileRef = A9FA5906273EF416002109A0 /* FirebaseMapsService.swift */; };
		A9FA5909273FB467002109A0 /* Obstacle.swift in Sources */ = {isa = PBXBuildFile; fileRef = A9FA5908273FB467002109A0 /* Obstacle.swift */; };
		A9FA590B273FB4D9002109A0 /* FirebaseMapModel.swift in Sources */ = {isa = PBXBuildFile; fileRef = A9FA590A273FB4D9002109A0 /* FirebaseMapModel.swift */; };
		A9FA590D273FF331002109A0 /* Realm+Extensions.swift in Sources */ = {isa = PBXBuildFile; fileRef = A9FA590C273FF331002109A0 /* Realm+Extensions.swift */; };
		A9FA59102740312B002109A0 /* MapsJournalService.swift in Sources */ = {isa = PBXBuildFile; fileRef = A9FA590F2740312B002109A0 /* MapsJournalService.swift */; };
/* End PBXBuildFile section */

/* Begin PBXFileReference section */
		07D90B41442A1036C1D6B9ED /* Pods_Mars_Rover.framework */ = {isa = PBXFileReference; explicitFileType = wrapper.framework; includeInIndex = 0; path = Pods_Mars_Rover.framework; sourceTree = BUILT_PRODUCTS_DIR; };
		2A1D839787D6C5C1D35524B2 /* Pods-Mars Rover.debug.xcconfig */ = {isa = PBXFileReference; includeInIndex = 1; lastKnownFileType = text.xcconfig; name = "Pods-Mars Rover.debug.xcconfig"; path = "Target Support Files/Pods-Mars Rover/Pods-Mars Rover.debug.xcconfig"; sourceTree = "<group>"; };
		826CDA5F6587192EF415F2A0 /* Pods-Mars Rover.release.xcconfig */ = {isa = PBXFileReference; includeInIndex = 1; lastKnownFileType = text.xcconfig; name = "Pods-Mars Rover.release.xcconfig"; path = "Target Support Files/Pods-Mars Rover/Pods-Mars Rover.release.xcconfig"; sourceTree = "<group>"; };
		A9109D472744235C00E31ED3 /* GameScreens.storyboard */ = {isa = PBXFileReference; lastKnownFileType = file.storyboard; path = GameScreens.storyboard; sourceTree = "<group>"; };
		A9109D49274423C100E31ED3 /* GameAssets.scnassets */ = {isa = PBXFileReference; lastKnownFileType = wrapper.scnassets; path = GameAssets.scnassets; sourceTree = "<group>"; };
		A9109D4B27452DF500E31ED3 /* MapEditorSceneViewController.swift */ = {isa = PBXFileReference; lastKnownFileType = sourcecode.swift; path = MapEditorSceneViewController.swift; sourceTree = "<group>"; };
		A9109D502746703E00E31ED3 /* MapEditorCoordinator.swift */ = {isa = PBXFileReference; lastKnownFileType = sourcecode.swift; path = MapEditorCoordinator.swift; sourceTree = "<group>"; };
		A9219392272DD6330006CE85 /* Mars Rover.app */ = {isa = PBXFileReference; explicitFileType = wrapper.application; includeInIndex = 0; path = "Mars Rover.app"; sourceTree = BUILT_PRODUCTS_DIR; };
		A9219395272DD6330006CE85 /* AppDelegate.swift */ = {isa = PBXFileReference; lastKnownFileType = sourcecode.swift; path = AppDelegate.swift; sourceTree = "<group>"; };
		A9219399272DD6330006CE85 /* MainMenuViewController.swift */ = {isa = PBXFileReference; lastKnownFileType = sourcecode.swift; path = MainMenuViewController.swift; sourceTree = "<group>"; };
		A921939C272DD6330006CE85 /* Base */ = {isa = PBXFileReference; lastKnownFileType = file.storyboard; name = Base; path = Base.lproj/MainMenu.storyboard; sourceTree = "<group>"; };
		A921939E272DD6370006CE85 /* Assets.xcassets */ = {isa = PBXFileReference; lastKnownFileType = folder.assetcatalog; path = Assets.xcassets; sourceTree = "<group>"; };
		A92193A1272DD6370006CE85 /* Base */ = {isa = PBXFileReference; lastKnownFileType = file.storyboard; name = Base; path = Base.lproj/LaunchScreen.storyboard; sourceTree = "<group>"; };
		A92193A8272DD9180006CE85 /* GoogleService-Info.plist */ = {isa = PBXFileReference; fileEncoding = 4; lastKnownFileType = text.plist.xml; path = "GoogleService-Info.plist"; sourceTree = "<group>"; };
		A93A9F8A2732E3DC00376332 /* FirebaseSignInService.swift */ = {isa = PBXFileReference; lastKnownFileType = sourcecode.swift; path = FirebaseSignInService.swift; sourceTree = "<group>"; };
		A93A9F8C2732EC0300376332 /* FirebaseProfileFetchService.swift */ = {isa = PBXFileReference; lastKnownFileType = sourcecode.swift; path = FirebaseProfileFetchService.swift; sourceTree = "<group>"; };
		A93A9F8F2732EFB800376332 /* ProfileModel.swift */ = {isa = PBXFileReference; lastKnownFileType = sourcecode.swift; path = ProfileModel.swift; sourceTree = "<group>"; };
		A93A9F912732F3C100376332 /* FirebaseSignUpService.swift */ = {isa = PBXFileReference; lastKnownFileType = sourcecode.swift; path = FirebaseSignUpService.swift; sourceTree = "<group>"; };
		A93A9F932732FBD200376332 /* FirebaseAuthService.swift */ = {isa = PBXFileReference; lastKnownFileType = sourcecode.swift; path = FirebaseAuthService.swift; sourceTree = "<group>"; };
		A93A9F962733063A00376332 /* UIViewController+Extensions.swift */ = {isa = PBXFileReference; lastKnownFileType = sourcecode.swift; path = "UIViewController+Extensions.swift"; sourceTree = "<group>"; };
		A9666F382736B86D0022AFFD /* Box.swift */ = {isa = PBXFileReference; lastKnownFileType = sourcecode.swift; path = Box.swift; sourceTree = "<group>"; };
		A9666F3B273940FA0022AFFD /* Storyboarded.swift */ = {isa = PBXFileReference; lastKnownFileType = sourcecode.swift; path = Storyboarded.swift; sourceTree = "<group>"; };
		A9666F3E27395A2C0022AFFD /* Coordinator.swift */ = {isa = PBXFileReference; lastKnownFileType = sourcecode.swift; path = Coordinator.swift; sourceTree = "<group>"; };
		A9666F4027395AB60022AFFD /* MainCoordinator.swift */ = {isa = PBXFileReference; lastKnownFileType = sourcecode.swift; path = MainCoordinator.swift; sourceTree = "<group>"; };
		A9ACAB122747CBD5004C4DC3 /* MapManager.swift */ = {isa = PBXFileReference; lastKnownFileType = sourcecode.swift; path = MapManager.swift; sourceTree = "<group>"; };
		A9ACAB142747EFA3004C4DC3 /* MapEditorSceneViewModel.swift */ = {isa = PBXFileReference; lastKnownFileType = sourcecode.swift; path = MapEditorSceneViewModel.swift; sourceTree = "<group>"; };
		A9ACAB19274A7326004C4DC3 /* GameScreenViewController.swift */ = {isa = PBXFileReference; lastKnownFileType = sourcecode.swift; path = GameScreenViewController.swift; sourceTree = "<group>"; };
		A9ACAB1B274A75B3004C4DC3 /* GameScreenViewModel.swift */ = {isa = PBXFileReference; lastKnownFileType = sourcecode.swift; path = GameScreenViewModel.swift; sourceTree = "<group>"; };
		A9ACAB1D274A788B004C4DC3 /* PlayCoordinator.swift */ = {isa = PBXFileReference; lastKnownFileType = sourcecode.swift; path = PlayCoordinator.swift; sourceTree = "<group>"; };
		A9ACAB20274ACBB7004C4DC3 /* FindShortestPath.swift */ = {isa = PBXFileReference; lastKnownFileType = sourcecode.swift; path = FindShortestPath.swift; sourceTree = "<group>"; };
		A9ACAB22274ADCD0004C4DC3 /* Node.swift */ = {isa = PBXFileReference; lastKnownFileType = sourcecode.swift; path = Node.swift; sourceTree = "<group>"; };
		A9ACAB24274ADCEE004C4DC3 /* Connection.swift */ = {isa = PBXFileReference; lastKnownFileType = sourcecode.swift; path = Connection.swift; sourceTree = "<group>"; };
		A9ACAB26274ADD19004C4DC3 /* Path.swift */ = {isa = PBXFileReference; lastKnownFileType = sourcecode.swift; path = Path.swift; sourceTree = "<group>"; };
		A9ACAB28274AE10C004C4DC3 /* MatrixPoint.swift */ = {isa = PBXFileReference; lastKnownFileType = sourcecode.swift; path = MatrixPoint.swift; sourceTree = "<group>"; };
		A9ACAB2A274AE1FC004C4DC3 /* MatrixNode.swift */ = {isa = PBXFileReference; lastKnownFileType = sourcecode.swift; path = MatrixNode.swift; sourceTree = "<group>"; };
		A9B5A7B5274198460075C954 /* FirebaseMapsActionService.swift */ = {isa = PBXFileReference; lastKnownFileType = sourcecode.swift; path = FirebaseMapsActionService.swift; sourceTree = "<group>"; };
		A9EE8EEE273964BB00F18D62 /* SignUpFormViewController.swift */ = {isa = PBXFileReference; lastKnownFileType = sourcecode.swift; path = SignUpFormViewController.swift; sourceTree = "<group>"; };
		A9EE8EF02739655F00F18D62 /* SignUpFormViewModel.swift */ = {isa = PBXFileReference; lastKnownFileType = sourcecode.swift; path = SignUpFormViewModel.swift; sourceTree = "<group>"; };
		A9EE8EF527397AC300F18D62 /* FirebaseProfileWriteService.swift */ = {isa = PBXFileReference; lastKnownFileType = sourcecode.swift; path = FirebaseProfileWriteService.swift; sourceTree = "<group>"; };
		A9EE8EF727397AF000F18D62 /* FirebaseProfileService.swift */ = {isa = PBXFileReference; lastKnownFileType = sourcecode.swift; path = FirebaseProfileService.swift; sourceTree = "<group>"; };
		A9EE8EFB273985CD00F18D62 /* MainMenuCoordinator.swift */ = {isa = PBXFileReference; lastKnownFileType = sourcecode.swift; path = MainMenuCoordinator.swift; sourceTree = "<group>"; };
		A9EE8EFD27398D2A00F18D62 /* MainMenuViewModel.swift */ = {isa = PBXFileReference; lastKnownFileType = sourcecode.swift; path = MainMenuViewModel.swift; sourceTree = "<group>"; };
		A9EE8EFF273BF9E800F18D62 /* MapEditorViewController.swift */ = {isa = PBXFileReference; lastKnownFileType = sourcecode.swift; path = MapEditorViewController.swift; sourceTree = "<group>"; };
		A9EE8F01273BFD3100F18D62 /* MapTableViewCell.swift */ = {isa = PBXFileReference; lastKnownFileType = sourcecode.swift; path = MapTableViewCell.swift; sourceTree = "<group>"; };
		A9EE8F02273BFD3100F18D62 /* MapTableViewCell.xib */ = {isa = PBXFileReference; lastKnownFileType = file.xib; path = MapTableViewCell.xib; sourceTree = "<group>"; };
		A9EE8F05273C032000F18D62 /* RealmMapModelData.swift */ = {isa = PBXFileReference; lastKnownFileType = sourcecode.swift; path = RealmMapModelData.swift; sourceTree = "<group>"; };
		A9EE8F07273C066600F18D62 /* MapEditorViewModel.swift */ = {isa = PBXFileReference; lastKnownFileType = sourcecode.swift; path = MapEditorViewModel.swift; sourceTree = "<group>"; };
		A9EE8F0A273C0DE300F18D62 /* RealmMapsActionService.swift */ = {isa = PBXFileReference; lastKnownFileType = sourcecode.swift; path = RealmMapsActionService.swift; sourceTree = "<group>"; };
		A9EE8F0C273C312A00F18D62 /* RealmMapsService.swift */ = {isa = PBXFileReference; lastKnownFileType = sourcecode.swift; path = RealmMapsService.swift; sourceTree = "<group>"; };
		A9EE8F0E273D3F8C00F18D62 /* RealmMapModel.swift */ = {isa = PBXFileReference; lastKnownFileType = sourcecode.swift; path = RealmMapModel.swift; sourceTree = "<group>"; };
		A9F4540C2731655100017E26 /* Auth.storyboard */ = {isa = PBXFileReference; lastKnownFileType = file.storyboard; path = Auth.storyboard; sourceTree = "<group>"; };
		A9F4540E273165D400017E26 /* SignInFormViewController.swift */ = {isa = PBXFileReference; lastKnownFileType = sourcecode.swift; path = SignInFormViewController.swift; sourceTree = "<group>"; };
		A9F4541127316E5100017E26 /* AuthorizationTextField.swift */ = {isa = PBXFileReference; lastKnownFileType = sourcecode.swift; path = AuthorizationTextField.swift; sourceTree = "<group>"; };
		A9F45414273191B500017E26 /* SignInFormViewModel.swift */ = {isa = PBXFileReference; lastKnownFileType = sourcecode.swift; path = SignInFormViewModel.swift; sourceTree = "<group>"; };
		A9FA5901273EB571002109A0 /* MapsSyncService.swift */ = {isa = PBXFileReference; lastKnownFileType = sourcecode.swift; path = MapsSyncService.swift; sourceTree = "<group>"; };
		A9FA5903273EB759002109A0 /* FirebaseMapModelData.swift */ = {isa = PBXFileReference; lastKnownFileType = sourcecode.swift; path = FirebaseMapModelData.swift; sourceTree = "<group>"; };
		A9FA5906273EF416002109A0 /* FirebaseMapsService.swift */ = {isa = PBXFileReference; lastKnownFileType = sourcecode.swift; path = FirebaseMapsService.swift; sourceTree = "<group>"; };
		A9FA5908273FB467002109A0 /* Obstacle.swift */ = {isa = PBXFileReference; lastKnownFileType = sourcecode.swift; path = Obstacle.swift; sourceTree = "<group>"; };
		A9FA590A273FB4D9002109A0 /* FirebaseMapModel.swift */ = {isa = PBXFileReference; lastKnownFileType = sourcecode.swift; path = FirebaseMapModel.swift; sourceTree = "<group>"; };
		A9FA590C273FF331002109A0 /* Realm+Extensions.swift */ = {isa = PBXFileReference; lastKnownFileType = sourcecode.swift; path = "Realm+Extensions.swift"; sourceTree = "<group>"; };
		A9FA590F2740312B002109A0 /* MapsJournalService.swift */ = {isa = PBXFileReference; lastKnownFileType = sourcecode.swift; path = MapsJournalService.swift; sourceTree = "<group>"; };
/* End PBXFileReference section */

/* Begin PBXFrameworksBuildPhase section */
		A921938F272DD6330006CE85 /* Frameworks */ = {
			isa = PBXFrameworksBuildPhase;
			buildActionMask = 2147483647;
			files = (
				673C553DBCB152CB90E941B5 /* Pods_Mars_Rover.framework in Frameworks */,
			);
			runOnlyForDeploymentPostprocessing = 0;
		};
/* End PBXFrameworksBuildPhase section */

/* Begin PBXGroup section */
		438568ACBA07FD60B5737BD7 /* Pods */ = {
			isa = PBXGroup;
			children = (
				2A1D839787D6C5C1D35524B2 /* Pods-Mars Rover.debug.xcconfig */,
				826CDA5F6587192EF415F2A0 /* Pods-Mars Rover.release.xcconfig */,
			);
			path = Pods;
			sourceTree = "<group>";
		};
		5F121E04B1C6E976403C0247 /* Frameworks */ = {
			isa = PBXGroup;
			children = (
				07D90B41442A1036C1D6B9ED /* Pods_Mars_Rover.framework */,
			);
			name = Frameworks;
			sourceTree = "<group>";
		};
		A9219389272DD6330006CE85 = {
			isa = PBXGroup;
			children = (
				A9219394272DD6330006CE85 /* Mars Rover */,
				A9219393272DD6330006CE85 /* Products */,
				438568ACBA07FD60B5737BD7 /* Pods */,
				5F121E04B1C6E976403C0247 /* Frameworks */,
			);
			sourceTree = "<group>";
		};
		A9219393272DD6330006CE85 /* Products */ = {
			isa = PBXGroup;
			children = (
				A9219392272DD6330006CE85 /* Mars Rover.app */,
			);
			name = Products;
			sourceTree = "<group>";
		};
		A9219394272DD6330006CE85 /* Mars Rover */ = {
			isa = PBXGroup;
			children = (
				A9ACAB1F274ACB0F004C4DC3 /* Algorithm */,
				A9ACAB112747CBC0004C4DC3 /* Manager */,
				A9666F3D273959640022AFFD /* Coordinators */,
				A9666F372736AE930022AFFD /* Utility */,
				A93A9F95273305D000376332 /* Extensions */,
				A93A9F8E2732EFA800376332 /* Model */,
				A93A9F892732E39F00376332 /* Service */,
				A9F454132731918800017E26 /* ViewModel */,
				A9F4540B27315A7500017E26 /* Storyboards */,
				A9F4540A27315A6A00017E26 /* ViewControllers */,
				A9F4541027316DFB00017E26 /* Views */,
				A9219395272DD6330006CE85 /* AppDelegate.swift */,
				A921939E272DD6370006CE85 /* Assets.xcassets */,
				A92193A8272DD9180006CE85 /* GoogleService-Info.plist */,
				A9109D49274423C100E31ED3 /* GameAssets.scnassets */,
			);
			path = "Mars Rover";
			sourceTree = "<group>";
		};
		A93A9F892732E39F00376332 /* Service */ = {
			isa = PBXGroup;
			children = (
				A9FA590E274030C3002109A0 /* MapsService */,
				A9EE8EFA2739833700F18D62 /* FirebaseProfile */,
				A9EE8EF92739832100F18D62 /* FirebaseAuth */,
			);
			path = Service;
			sourceTree = "<group>";
		};
		A93A9F8E2732EFA800376332 /* Model */ = {
			isa = PBXGroup;
			children = (
				A93A9F8F2732EFB800376332 /* ProfileModel.swift */,
				A9EE8F05273C032000F18D62 /* RealmMapModelData.swift */,
				A9EE8F0E273D3F8C00F18D62 /* RealmMapModel.swift */,
				A9FA5903273EB759002109A0 /* FirebaseMapModelData.swift */,
				A9FA590A273FB4D9002109A0 /* FirebaseMapModel.swift */,
				A9FA5908273FB467002109A0 /* Obstacle.swift */,
			);
			path = Model;
			sourceTree = "<group>";
		};
		A93A9F95273305D000376332 /* Extensions */ = {
			isa = PBXGroup;
			children = (
				A93A9F962733063A00376332 /* UIViewController+Extensions.swift */,
				A9FA590C273FF331002109A0 /* Realm+Extensions.swift */,
			);
			path = Extensions;
			sourceTree = "<group>";
		};
		A9666F372736AE930022AFFD /* Utility */ = {
			isa = PBXGroup;
			children = (
				A9666F382736B86D0022AFFD /* Box.swift */,
				A9666F3B273940FA0022AFFD /* Storyboarded.swift */,
			);
			path = Utility;
			sourceTree = "<group>";
		};
		A9666F3D273959640022AFFD /* Coordinators */ = {
			isa = PBXGroup;
			children = (
				A9666F3E27395A2C0022AFFD /* Coordinator.swift */,
				A9666F4027395AB60022AFFD /* MainCoordinator.swift */,
				A9EE8EFB273985CD00F18D62 /* MainMenuCoordinator.swift */,
				A9109D502746703E00E31ED3 /* MapEditorCoordinator.swift */,
				A9ACAB1D274A788B004C4DC3 /* PlayCoordinator.swift */,
			);
			path = Coordinators;
			sourceTree = "<group>";
		};
		A9ACAB112747CBC0004C4DC3 /* Manager */ = {
			isa = PBXGroup;
			children = (
				A9ACAB122747CBD5004C4DC3 /* MapManager.swift */,
			);
			path = Manager;
			sourceTree = "<group>";
		};
		A9ACAB1F274ACB0F004C4DC3 /* Algorithm */ = {
			isa = PBXGroup;
			children = (
				A9ACAB20274ACBB7004C4DC3 /* FindShortestPath.swift */,
				A9ACAB22274ADCD0004C4DC3 /* Node.swift */,
				A9ACAB24274ADCEE004C4DC3 /* Connection.swift */,
				A9ACAB26274ADD19004C4DC3 /* Path.swift */,
				A9ACAB28274AE10C004C4DC3 /* MatrixPoint.swift */,
				A9ACAB2A274AE1FC004C4DC3 /* MatrixNode.swift */,
			);
			path = Algorithm;
			sourceTree = "<group>";
		};
		A9EE8EF92739832100F18D62 /* FirebaseAuth */ = {
			isa = PBXGroup;
			children = (
				A93A9F8A2732E3DC00376332 /* FirebaseSignInService.swift */,
				A93A9F912732F3C100376332 /* FirebaseSignUpService.swift */,
				A93A9F932732FBD200376332 /* FirebaseAuthService.swift */,
			);
			path = FirebaseAuth;
			sourceTree = "<group>";
		};
		A9EE8EFA2739833700F18D62 /* FirebaseProfile */ = {
			isa = PBXGroup;
			children = (
				A93A9F8C2732EC0300376332 /* FirebaseProfileFetchService.swift */,
				A9EE8EF527397AC300F18D62 /* FirebaseProfileWriteService.swift */,
				A9EE8EF727397AF000F18D62 /* FirebaseProfileService.swift */,
			);
			path = FirebaseProfile;
			sourceTree = "<group>";
		};
		A9EE8F09273C0DB200F18D62 /* RealmMaps */ = {
			isa = PBXGroup;
			children = (
				A9EE8F0A273C0DE300F18D62 /* RealmMapsActionService.swift */,
				A9EE8F0C273C312A00F18D62 /* RealmMapsService.swift */,
			);
			path = RealmMaps;
			sourceTree = "<group>";
		};
		A9F4540A27315A6A00017E26 /* ViewControllers */ = {
			isa = PBXGroup;
			children = (
				A9F4540E273165D400017E26 /* SignInFormViewController.swift */,
				A9EE8EEE273964BB00F18D62 /* SignUpFormViewController.swift */,
				A9219399272DD6330006CE85 /* MainMenuViewController.swift */,
				A9EE8EFF273BF9E800F18D62 /* MapEditorViewController.swift */,
				A9109D4B27452DF500E31ED3 /* MapEditorSceneViewController.swift */,
				A9EE8F01273BFD3100F18D62 /* MapTableViewCell.swift */,
				A9EE8F02273BFD3100F18D62 /* MapTableViewCell.xib */,
				A9ACAB19274A7326004C4DC3 /* GameScreenViewController.swift */,
			);
			path = ViewControllers;
			sourceTree = "<group>";
		};
		A9F4540B27315A7500017E26 /* Storyboards */ = {
			isa = PBXGroup;
			children = (
				A92193A0272DD6370006CE85 /* LaunchScreen.storyboard */,
				A921939B272DD6330006CE85 /* MainMenu.storyboard */,
				A9F4540C2731655100017E26 /* Auth.storyboard */,
				A9109D472744235C00E31ED3 /* GameScreens.storyboard */,
			);
			path = Storyboards;
			sourceTree = "<group>";
		};
		A9F4541027316DFB00017E26 /* Views */ = {
			isa = PBXGroup;
			children = (
				A9F4541127316E5100017E26 /* AuthorizationTextField.swift */,
			);
			path = Views;
			sourceTree = "<group>";
		};
		A9F454132731918800017E26 /* ViewModel */ = {
			isa = PBXGroup;
			children = (
				A9F45414273191B500017E26 /* SignInFormViewModel.swift */,
				A9EE8EF02739655F00F18D62 /* SignUpFormViewModel.swift */,
				A9EE8EFD27398D2A00F18D62 /* MainMenuViewModel.swift */,
				A9EE8F07273C066600F18D62 /* MapEditorViewModel.swift */,
				A9ACAB142747EFA3004C4DC3 /* MapEditorSceneViewModel.swift */,
				A9ACAB1B274A75B3004C4DC3 /* GameScreenViewModel.swift */,
			);
			path = ViewModel;
			sourceTree = "<group>";
		};
		A9FA590E274030C3002109A0 /* MapsService */ = {
			isa = PBXGroup;
			children = (
				A9FA590F2740312B002109A0 /* MapsJournalService.swift */,
				A9FA5901273EB571002109A0 /* MapsSyncService.swift */,
				A9FEE0302742726600B4A569 /* FirebaseMaps */,
				A9EE8F09273C0DB200F18D62 /* RealmMaps */,
			);
			path = MapsService;
			sourceTree = "<group>";
		};
		A9FEE0302742726600B4A569 /* FirebaseMaps */ = {
			isa = PBXGroup;
			children = (
				A9B5A7B5274198460075C954 /* FirebaseMapsActionService.swift */,
				A9FA5906273EF416002109A0 /* FirebaseMapsService.swift */,
			);
			path = FirebaseMaps;
			sourceTree = "<group>";
		};
/* End PBXGroup section */

/* Begin PBXNativeTarget section */
		A9219391272DD6330006CE85 /* Mars Rover */ = {
			isa = PBXNativeTarget;
			buildConfigurationList = A92193A5272DD6370006CE85 /* Build configuration list for PBXNativeTarget "Mars Rover" */;
			buildPhases = (
				F41E98B14864FDD6DAA4626F /* [CP] Check Pods Manifest.lock */,
				A9666F3A2739350F0022AFFD /* ShellScript */,
				A921938E272DD6330006CE85 /* Sources */,
				A921938F272DD6330006CE85 /* Frameworks */,
				A9219390272DD6330006CE85 /* Resources */,
				A56F1641478AE0A2C995AC41 /* [CP] Embed Pods Frameworks */,
			);
			buildRules = (
			);
			dependencies = (
			);
			name = "Mars Rover";
			productName = "Mars Rover";
			productReference = A9219392272DD6330006CE85 /* Mars Rover.app */;
			productType = "com.apple.product-type.application";
		};
/* End PBXNativeTarget section */

/* Begin PBXProject section */
		A921938A272DD6330006CE85 /* Project object */ = {
			isa = PBXProject;
			attributes = {
				BuildIndependentTargetsInParallel = 1;
				LastSwiftUpdateCheck = 1310;
				LastUpgradeCheck = 1310;
				TargetAttributes = {
					A9219391272DD6330006CE85 = {
						CreatedOnToolsVersion = 13.1;
					};
				};
			};
			buildConfigurationList = A921938D272DD6330006CE85 /* Build configuration list for PBXProject "Mars Rover" */;
			compatibilityVersion = "Xcode 13.0";
			developmentRegion = en;
			hasScannedForEncodings = 0;
			knownRegions = (
				en,
				Base,
			);
			mainGroup = A9219389272DD6330006CE85;
			productRefGroup = A9219393272DD6330006CE85 /* Products */;
			projectDirPath = "";
			projectRoot = "";
			targets = (
				A9219391272DD6330006CE85 /* Mars Rover */,
			);
		};
/* End PBXProject section */

/* Begin PBXResourcesBuildPhase section */
		A9219390272DD6330006CE85 /* Resources */ = {
			isa = PBXResourcesBuildPhase;
			buildActionMask = 2147483647;
			files = (
				A92193A2272DD6370006CE85 /* LaunchScreen.storyboard in Resources */,
				A92193A9272DD9180006CE85 /* GoogleService-Info.plist in Resources */,
				A9F4540D2731655100017E26 /* Auth.storyboard in Resources */,
				A921939F272DD6370006CE85 /* Assets.xcassets in Resources */,
				A9109D482744235C00E31ED3 /* GameScreens.storyboard in Resources */,
				A9EE8F04273BFD3100F18D62 /* MapTableViewCell.xib in Resources */,
				A9109D4A274423C100E31ED3 /* GameAssets.scnassets in Resources */,
				A921939D272DD6330006CE85 /* MainMenu.storyboard in Resources */,
			);
			runOnlyForDeploymentPostprocessing = 0;
		};
/* End PBXResourcesBuildPhase section */

/* Begin PBXShellScriptBuildPhase section */
		A56F1641478AE0A2C995AC41 /* [CP] Embed Pods Frameworks */ = {
			isa = PBXShellScriptBuildPhase;
			buildActionMask = 2147483647;
			files = (
			);
			inputFileListPaths = (
				"${PODS_ROOT}/Target Support Files/Pods-Mars Rover/Pods-Mars Rover-frameworks-${CONFIGURATION}-input-files.xcfilelist",
			);
			name = "[CP] Embed Pods Frameworks";
			outputFileListPaths = (
				"${PODS_ROOT}/Target Support Files/Pods-Mars Rover/Pods-Mars Rover-frameworks-${CONFIGURATION}-output-files.xcfilelist",
			);
			runOnlyForDeploymentPostprocessing = 0;
			shellPath = /bin/sh;
			shellScript = "\"${PODS_ROOT}/Target Support Files/Pods-Mars Rover/Pods-Mars Rover-frameworks.sh\"\n";
			showEnvVarsInLog = 0;
		};
		A9666F3A2739350F0022AFFD /* ShellScript */ = {
			isa = PBXShellScriptBuildPhase;
			buildActionMask = 2147483647;
			files = (
			);
			inputFileListPaths = (
			);
			inputPaths = (
			);
			outputFileListPaths = (
			);
			outputPaths = (
			);
			runOnlyForDeploymentPostprocessing = 0;
			shellPath = /bin/sh;
			shellScript = "PATH=/opt/homebrew/bin:$PATH\nif [ -f ~/com.raywenderlich.swiftlint.yml ]; then\n  if which swiftlint >/dev/null; then\n    swiftlint --no-cache --config ~/com.raywenderlich.swiftlint.yml\n  fi\nfi\n";
		};
		F41E98B14864FDD6DAA4626F /* [CP] Check Pods Manifest.lock */ = {
			isa = PBXShellScriptBuildPhase;
			buildActionMask = 2147483647;
			files = (
			);
			inputFileListPaths = (
			);
			inputPaths = (
				"${PODS_PODFILE_DIR_PATH}/Podfile.lock",
				"${PODS_ROOT}/Manifest.lock",
			);
			name = "[CP] Check Pods Manifest.lock";
			outputFileListPaths = (
			);
			outputPaths = (
				"$(DERIVED_FILE_DIR)/Pods-Mars Rover-checkManifestLockResult.txt",
			);
			runOnlyForDeploymentPostprocessing = 0;
			shellPath = /bin/sh;
			shellScript = "diff \"${PODS_PODFILE_DIR_PATH}/Podfile.lock\" \"${PODS_ROOT}/Manifest.lock\" > /dev/null\nif [ $? != 0 ] ; then\n    # print error to STDERR\n    echo \"error: The sandbox is not in sync with the Podfile.lock. Run 'pod install' or update your CocoaPods installation.\" >&2\n    exit 1\nfi\n# This output is used by Xcode 'outputs' to avoid re-running this script phase.\necho \"SUCCESS\" > \"${SCRIPT_OUTPUT_FILE_0}\"\n";
			showEnvVarsInLog = 0;
		};
/* End PBXShellScriptBuildPhase section */

/* Begin PBXSourcesBuildPhase section */
		A921938E272DD6330006CE85 /* Sources */ = {
			isa = PBXSourcesBuildPhase;
			buildActionMask = 2147483647;
			files = (
				A9ACAB1C274A75B3004C4DC3 /* GameScreenViewModel.swift in Sources */,
				A93A9F942732FBD200376332 /* FirebaseAuthService.swift in Sources */,
				A9F45415273191B500017E26 /* SignInFormViewModel.swift in Sources */,
				A9ACAB25274ADCEE004C4DC3 /* Connection.swift in Sources */,
				A9FA590B273FB4D9002109A0 /* FirebaseMapModel.swift in Sources */,
				A9EE8EEF273964BB00F18D62 /* SignUpFormViewController.swift in Sources */,
				A9F4540F273165D400017E26 /* SignInFormViewController.swift in Sources */,
				A9EE8F0F273D3F8D00F18D62 /* RealmMapModel.swift in Sources */,
				A9EE8EF627397AC400F18D62 /* FirebaseProfileWriteService.swift in Sources */,
				A9ACAB1E274A788B004C4DC3 /* PlayCoordinator.swift in Sources */,
				A9ACAB152747EFA3004C4DC3 /* MapEditorSceneViewModel.swift in Sources */,
				A9ACAB29274AE10C004C4DC3 /* MatrixPoint.swift in Sources */,
				A9ACAB27274ADD19004C4DC3 /* Path.swift in Sources */,
				A9EE8F03273BFD3100F18D62 /* MapTableViewCell.swift in Sources */,
				A93A9F922732F3C100376332 /* FirebaseSignUpService.swift in Sources */,
				A93A9F8B2732E3DC00376332 /* FirebaseSignInService.swift in Sources */,
				A9ACAB132747CBD5004C4DC3 /* MapManager.swift in Sources */,
				A9ACAB1A274A7326004C4DC3 /* GameScreenViewController.swift in Sources */,
				A9666F3C273940FA0022AFFD /* Storyboarded.swift in Sources */,
				A9EE8EFE27398D2A00F18D62 /* MainMenuViewModel.swift in Sources */,
				A9109D512746703E00E31ED3 /* MapEditorCoordinator.swift in Sources */,
				A9109D4C27452DF500E31ED3 /* MapEditorSceneViewController.swift in Sources */,
				A9EE8EFC273985CD00F18D62 /* MainMenuCoordinator.swift in Sources */,
				A9666F3F27395A2C0022AFFD /* Coordinator.swift in Sources */,
				A9ACAB23274ADCD0004C4DC3 /* Node.swift in Sources */,
				A9F4541227316E5100017E26 /* AuthorizationTextField.swift in Sources */,
				A93A9F972733063A00376332 /* UIViewController+Extensions.swift in Sources */,
				A9ACAB21274ACBB7004C4DC3 /* FindShortestPath.swift in Sources */,
				A9EE8EF12739655F00F18D62 /* SignUpFormViewModel.swift in Sources */,
				A921939A272DD6330006CE85 /* MainMenuViewController.swift in Sources */,
				A9EE8F06273C032000F18D62 /* RealmMapModelData.swift in Sources */,
				A9B5A7B6274198460075C954 /* FirebaseMapsActionService.swift in Sources */,
				A93A9F902732EFB800376332 /* ProfileModel.swift in Sources */,
				A9EE8F08273C066600F18D62 /* MapEditorViewModel.swift in Sources */,
				A9FA590D273FF331002109A0 /* Realm+Extensions.swift in Sources */,
				A9666F392736B86D0022AFFD /* Box.swift in Sources */,
				A9FA59102740312B002109A0 /* MapsJournalService.swift in Sources */,
				A9219396272DD6330006CE85 /* AppDelegate.swift in Sources */,
				A9FA5909273FB467002109A0 /* Obstacle.swift in Sources */,
				A9FA5902273EB571002109A0 /* MapsSyncService.swift in Sources */,
				A9EE8F0B273C0DE300F18D62 /* RealmMapsActionService.swift in Sources */,
				A9EE8F00273BF9E800F18D62 /* MapEditorViewController.swift in Sources */,
				A9666F4127395AB60022AFFD /* MainCoordinator.swift in Sources */,
				A9EE8EF827397AF000F18D62 /* FirebaseProfileService.swift in Sources */,
				A9ACAB2B274AE1FC004C4DC3 /* MatrixNode.swift in Sources */,
				A93A9F8D2732EC0300376332 /* FirebaseProfileFetchService.swift in Sources */,
				A9FA5907273EF416002109A0 /* FirebaseMapsService.swift in Sources */,
				A9EE8F0D273C312A00F18D62 /* RealmMapsService.swift in Sources */,
				A9FA5904273EB759002109A0 /* FirebaseMapModelData.swift in Sources */,
			);
			runOnlyForDeploymentPostprocessing = 0;
		};
/* End PBXSourcesBuildPhase section */

/* Begin PBXVariantGroup section */
		A921939B272DD6330006CE85 /* MainMenu.storyboard */ = {
			isa = PBXVariantGroup;
			children = (
				A921939C272DD6330006CE85 /* Base */,
			);
			name = MainMenu.storyboard;
			sourceTree = "<group>";
		};
		A92193A0272DD6370006CE85 /* LaunchScreen.storyboard */ = {
			isa = PBXVariantGroup;
			children = (
				A92193A1272DD6370006CE85 /* Base */,
			);
			name = LaunchScreen.storyboard;
			sourceTree = "<group>";
		};
/* End PBXVariantGroup section */

/* Begin XCBuildConfiguration section */
		A92193A3272DD6370006CE85 /* Debug */ = {
			isa = XCBuildConfiguration;
			buildSettings = {
				ALWAYS_SEARCH_USER_PATHS = NO;
				CLANG_ANALYZER_NONNULL = YES;
				CLANG_ANALYZER_NUMBER_OBJECT_CONVERSION = YES_AGGRESSIVE;
				CLANG_CXX_LANGUAGE_STANDARD = "gnu++17";
				CLANG_CXX_LIBRARY = "libc++";
				CLANG_ENABLE_MODULES = YES;
				CLANG_ENABLE_OBJC_ARC = YES;
				CLANG_ENABLE_OBJC_WEAK = YES;
				CLANG_WARN_BLOCK_CAPTURE_AUTORELEASING = YES;
				CLANG_WARN_BOOL_CONVERSION = YES;
				CLANG_WARN_COMMA = YES;
				CLANG_WARN_CONSTANT_CONVERSION = YES;
				CLANG_WARN_DEPRECATED_OBJC_IMPLEMENTATIONS = YES;
				CLANG_WARN_DIRECT_OBJC_ISA_USAGE = YES_ERROR;
				CLANG_WARN_DOCUMENTATION_COMMENTS = YES;
				CLANG_WARN_EMPTY_BODY = YES;
				CLANG_WARN_ENUM_CONVERSION = YES;
				CLANG_WARN_INFINITE_RECURSION = YES;
				CLANG_WARN_INT_CONVERSION = YES;
				CLANG_WARN_NON_LITERAL_NULL_CONVERSION = YES;
				CLANG_WARN_OBJC_IMPLICIT_RETAIN_SELF = YES;
				CLANG_WARN_OBJC_LITERAL_CONVERSION = YES;
				CLANG_WARN_OBJC_ROOT_CLASS = YES_ERROR;
				CLANG_WARN_QUOTED_INCLUDE_IN_FRAMEWORK_HEADER = YES;
				CLANG_WARN_RANGE_LOOP_ANALYSIS = YES;
				CLANG_WARN_STRICT_PROTOTYPES = YES;
				CLANG_WARN_SUSPICIOUS_MOVE = YES;
				CLANG_WARN_UNGUARDED_AVAILABILITY = YES_AGGRESSIVE;
				CLANG_WARN_UNREACHABLE_CODE = YES;
				CLANG_WARN__DUPLICATE_METHOD_MATCH = YES;
				COPY_PHASE_STRIP = NO;
				DEBUG_INFORMATION_FORMAT = dwarf;
				ENABLE_STRICT_OBJC_MSGSEND = YES;
				ENABLE_TESTABILITY = YES;
				GCC_C_LANGUAGE_STANDARD = gnu11;
				GCC_DYNAMIC_NO_PIC = NO;
				GCC_NO_COMMON_BLOCKS = YES;
				GCC_OPTIMIZATION_LEVEL = 0;
				GCC_PREPROCESSOR_DEFINITIONS = (
					"DEBUG=1",
					"$(inherited)",
				);
				GCC_WARN_64_TO_32_BIT_CONVERSION = YES;
				GCC_WARN_ABOUT_RETURN_TYPE = YES_ERROR;
				GCC_WARN_UNDECLARED_SELECTOR = YES;
				GCC_WARN_UNINITIALIZED_AUTOS = YES_AGGRESSIVE;
				GCC_WARN_UNUSED_FUNCTION = YES;
				GCC_WARN_UNUSED_VARIABLE = YES;
				IPHONEOS_DEPLOYMENT_TARGET = 13.0;
				MTL_ENABLE_DEBUG_INFO = INCLUDE_SOURCE;
				MTL_FAST_MATH = YES;
				ONLY_ACTIVE_ARCH = YES;
				SDKROOT = iphoneos;
				SWIFT_ACTIVE_COMPILATION_CONDITIONS = DEBUG;
				SWIFT_OPTIMIZATION_LEVEL = "-Onone";
			};
			name = Debug;
		};
		A92193A4272DD6370006CE85 /* Release */ = {
			isa = XCBuildConfiguration;
			buildSettings = {
				ALWAYS_SEARCH_USER_PATHS = NO;
				CLANG_ANALYZER_NONNULL = YES;
				CLANG_ANALYZER_NUMBER_OBJECT_CONVERSION = YES_AGGRESSIVE;
				CLANG_CXX_LANGUAGE_STANDARD = "gnu++17";
				CLANG_CXX_LIBRARY = "libc++";
				CLANG_ENABLE_MODULES = YES;
				CLANG_ENABLE_OBJC_ARC = YES;
				CLANG_ENABLE_OBJC_WEAK = YES;
				CLANG_WARN_BLOCK_CAPTURE_AUTORELEASING = YES;
				CLANG_WARN_BOOL_CONVERSION = YES;
				CLANG_WARN_COMMA = YES;
				CLANG_WARN_CONSTANT_CONVERSION = YES;
				CLANG_WARN_DEPRECATED_OBJC_IMPLEMENTATIONS = YES;
				CLANG_WARN_DIRECT_OBJC_ISA_USAGE = YES_ERROR;
				CLANG_WARN_DOCUMENTATION_COMMENTS = YES;
				CLANG_WARN_EMPTY_BODY = YES;
				CLANG_WARN_ENUM_CONVERSION = YES;
				CLANG_WARN_INFINITE_RECURSION = YES;
				CLANG_WARN_INT_CONVERSION = YES;
				CLANG_WARN_NON_LITERAL_NULL_CONVERSION = YES;
				CLANG_WARN_OBJC_IMPLICIT_RETAIN_SELF = YES;
				CLANG_WARN_OBJC_LITERAL_CONVERSION = YES;
				CLANG_WARN_OBJC_ROOT_CLASS = YES_ERROR;
				CLANG_WARN_QUOTED_INCLUDE_IN_FRAMEWORK_HEADER = YES;
				CLANG_WARN_RANGE_LOOP_ANALYSIS = YES;
				CLANG_WARN_STRICT_PROTOTYPES = YES;
				CLANG_WARN_SUSPICIOUS_MOVE = YES;
				CLANG_WARN_UNGUARDED_AVAILABILITY = YES_AGGRESSIVE;
				CLANG_WARN_UNREACHABLE_CODE = YES;
				CLANG_WARN__DUPLICATE_METHOD_MATCH = YES;
				COPY_PHASE_STRIP = NO;
				DEBUG_INFORMATION_FORMAT = "dwarf-with-dsym";
				ENABLE_NS_ASSERTIONS = NO;
				ENABLE_STRICT_OBJC_MSGSEND = YES;
				GCC_C_LANGUAGE_STANDARD = gnu11;
				GCC_NO_COMMON_BLOCKS = YES;
				GCC_WARN_64_TO_32_BIT_CONVERSION = YES;
				GCC_WARN_ABOUT_RETURN_TYPE = YES_ERROR;
				GCC_WARN_UNDECLARED_SELECTOR = YES;
				GCC_WARN_UNINITIALIZED_AUTOS = YES_AGGRESSIVE;
				GCC_WARN_UNUSED_FUNCTION = YES;
				GCC_WARN_UNUSED_VARIABLE = YES;
				IPHONEOS_DEPLOYMENT_TARGET = 13.0;
				MTL_ENABLE_DEBUG_INFO = NO;
				MTL_FAST_MATH = YES;
				SDKROOT = iphoneos;
				SWIFT_COMPILATION_MODE = wholemodule;
				SWIFT_OPTIMIZATION_LEVEL = "-O";
				VALIDATE_PRODUCT = YES;
			};
			name = Release;
		};
		A92193A6272DD6370006CE85 /* Debug */ = {
			isa = XCBuildConfiguration;
			baseConfigurationReference = 2A1D839787D6C5C1D35524B2 /* Pods-Mars Rover.debug.xcconfig */;
			buildSettings = {
				ASSETCATALOG_COMPILER_APPICON_NAME = AppIcon;
				ASSETCATALOG_COMPILER_GLOBAL_ACCENT_COLOR_NAME = AccentColor;
				CODE_SIGN_STYLE = Automatic;
				CURRENT_PROJECT_VERSION = 1;
				DEVELOPMENT_TEAM = Y743CZ57S7;
				GENERATE_INFOPLIST_FILE = YES;
				INFOPLIST_KEY_UIApplicationSupportsIndirectInputEvents = YES;
				INFOPLIST_KEY_UILaunchStoryboardName = LaunchScreen;
				INFOPLIST_KEY_UIStatusBarHidden = YES;
				INFOPLIST_KEY_UISupportedInterfaceOrientations = "UIInterfaceOrientationLandscapeLeft UIInterfaceOrientationLandscapeRight";
				INFOPLIST_KEY_UISupportedInterfaceOrientations_iPad = "UIInterfaceOrientationPortrait UIInterfaceOrientationPortraitUpsideDown UIInterfaceOrientationLandscapeLeft UIInterfaceOrientationLandscapeRight";
				INFOPLIST_KEY_UISupportedInterfaceOrientations_iPhone = "UIInterfaceOrientationPortrait UIInterfaceOrientationLandscapeLeft UIInterfaceOrientationLandscapeRight";
				LD_RUNPATH_SEARCH_PATHS = (
					"$(inherited)",
					"@executable_path/Frameworks",
				);
				MARKETING_VERSION = 1.0;
				PRODUCT_BUNDLE_IDENTIFIER = "ef.Mars-Rover";
				PRODUCT_NAME = "$(TARGET_NAME)";
				SWIFT_EMIT_LOC_STRINGS = YES;
				SWIFT_VERSION = 5.0;
				TARGETED_DEVICE_FAMILY = 1;
			};
			name = Debug;
		};
		A92193A7272DD6370006CE85 /* Release */ = {
			isa = XCBuildConfiguration;
			baseConfigurationReference = 826CDA5F6587192EF415F2A0 /* Pods-Mars Rover.release.xcconfig */;
			buildSettings = {
				ASSETCATALOG_COMPILER_APPICON_NAME = AppIcon;
				ASSETCATALOG_COMPILER_GLOBAL_ACCENT_COLOR_NAME = AccentColor;
				CODE_SIGN_STYLE = Automatic;
				CURRENT_PROJECT_VERSION = 1;
				DEVELOPMENT_TEAM = Y743CZ57S7;
				GENERATE_INFOPLIST_FILE = YES;
				INFOPLIST_KEY_UIApplicationSupportsIndirectInputEvents = YES;
				INFOPLIST_KEY_UILaunchStoryboardName = LaunchScreen;
				INFOPLIST_KEY_UIStatusBarHidden = YES;
				INFOPLIST_KEY_UISupportedInterfaceOrientations = "UIInterfaceOrientationLandscapeLeft UIInterfaceOrientationLandscapeRight";
				INFOPLIST_KEY_UISupportedInterfaceOrientations_iPad = "UIInterfaceOrientationPortrait UIInterfaceOrientationPortraitUpsideDown UIInterfaceOrientationLandscapeLeft UIInterfaceOrientationLandscapeRight";
				INFOPLIST_KEY_UISupportedInterfaceOrientations_iPhone = "UIInterfaceOrientationPortrait UIInterfaceOrientationLandscapeLeft UIInterfaceOrientationLandscapeRight";
				LD_RUNPATH_SEARCH_PATHS = (
					"$(inherited)",
					"@executable_path/Frameworks",
				);
				MARKETING_VERSION = 1.0;
				PRODUCT_BUNDLE_IDENTIFIER = "ef.Mars-Rover";
				PRODUCT_NAME = "$(TARGET_NAME)";
				SWIFT_EMIT_LOC_STRINGS = YES;
				SWIFT_VERSION = 5.0;
				TARGETED_DEVICE_FAMILY = 1;
			};
			name = Release;
		};
/* End XCBuildConfiguration section */

/* Begin XCConfigurationList section */
		A921938D272DD6330006CE85 /* Build configuration list for PBXProject "Mars Rover" */ = {
			isa = XCConfigurationList;
			buildConfigurations = (
				A92193A3272DD6370006CE85 /* Debug */,
				A92193A4272DD6370006CE85 /* Release */,
			);
			defaultConfigurationIsVisible = 0;
			defaultConfigurationName = Release;
		};
		A92193A5272DD6370006CE85 /* Build configuration list for PBXNativeTarget "Mars Rover" */ = {
			isa = XCConfigurationList;
			buildConfigurations = (
				A92193A6272DD6370006CE85 /* Debug */,
				A92193A7272DD6370006CE85 /* Release */,
			);
			defaultConfigurationIsVisible = 0;
			defaultConfigurationName = Release;
		};
/* End XCConfigurationList section */
	};
	rootObject = A921938A272DD6330006CE85 /* Project object */;
}
